
Microsoft Visual Studio Solution File, Format Version 12.00
# Visual Studio Version 17
VisualStudioVersion = 17.7.34221.43
MinimumVisualStudioVersion = 10.0.40219.1
Project("{9A19103F-16F7-4668-BE54-9A1E7A4F7556}") = "Predicate", "Predicate\Predicate.csproj", "{56F2CF87-0408-4DAE-BF50-AC05D44B5045}"
EndProject
Project("{2150E333-8FDC-42A3-9474-1A3956D46DE8}") = "17-ExpressoesLambdaDelegatesLINQ", "17-ExpressoesLambdaDelegatesLINQ", "{5BE72074-4B9F-43DA-AB56-C6CF7BD385C1}"
EndProject
Project("{9A19103F-16F7-4668-BE54-9A1E7A4F7556}") = "MulticastDelegates", "MulticastDelegates\MulticastDelegates.csproj", "{AD718F5F-D5D4-4704-93FF-501EE567C629}"
EndProject
Project("{9A19103F-16F7-4668-BE54-9A1E7A4F7556}") = "Action", "Action\Action.csproj", "{A01C6FBA-9542-4F56-BA46-6545CF348A95}"
EndProject
Project("{9A19103F-16F7-4668-BE54-9A1E7A4F7556}") = "FuncDelegate", "FuncDelegate\FuncDelegate.csproj", "{C4EC8C6D-70EC-447F-9176-AC175630B907}"
EndProject
Project("{9A19103F-16F7-4668-BE54-9A1E7A4F7556}") = "LINQ", "LINQ\LINQ.csproj", "{9C22E8E4-6E9A-468C-92B2-60D73996ED0B}"
EndProject
Project("{9A19103F-16F7-4668-BE54-9A1E7A4F7556}") = "LINQLambda", "LINQLambda\LINQLambda.csproj", "{C810B679-AE63-44FD-941E-8CADCDDA4FA2}"
EndProject
Project("{9A19103F-16F7-4668-BE54-9A1E7A4F7556}") = "LINQLambdaSQL", "LINQLambdaSQL\LINQLambdaSQL.csproj", "{E1DAFF2E-CB89-473A-9D6A-9C06C6643372}"
EndProject
Project("{FAE04EC0-301F-11D3-BF4B-00C04F79EFBC}") = "ExercicioResolvido", "ExercicioResolvido\ExercicioResolvido.csproj", "{16FB57F5-8936-4790-BBDE-A9693DBF9141}"
EndProject
Project("{FAE04EC0-301F-11D3-BF4B-00C04F79EFBC}") = "ExercicioFixacao", "ExercicioFixacao\ExercicioFixacao.csproj", "{C2BC445E-5B32-422E-B1B4-5EDF78D992A7}"
EndProject
Global
	GlobalSection(SolutionConfigurationPlatforms) = preSolution
		Debug|Any CPU = Debug|Any CPU
		Release|Any CPU = Release|Any CPU
	EndGlobalSection
	GlobalSection(ProjectConfigurationPlatforms) = postSolution
		{56F2CF87-0408-4DAE-BF50-AC05D44B5045}.Debug|Any CPU.ActiveCfg = Debug|Any CPU
		{56F2CF87-0408-4DAE-BF50-AC05D44B5045}.Debug|Any CPU.Build.0 = Debug|Any CPU
		{56F2CF87-0408-4DAE-BF50-AC05D44B5045}.Release|Any CPU.ActiveCfg = Release|Any CPU
		{56F2CF87-0408-4DAE-BF50-AC05D44B5045}.Release|Any CPU.Build.0 = Release|Any CPU
		{AD718F5F-D5D4-4704-93FF-501EE567C629}.Debug|Any CPU.ActiveCfg = Debug|Any CPU
		{AD718F5F-D5D4-4704-93FF-501EE567C629}.Debug|Any CPU.Build.0 = Debug|Any CPU
		{AD718F5F-D5D4-4704-93FF-501EE567C629}.Release|Any CPU.ActiveCfg = Release|Any CPU
		{AD718F5F-D5D4-4704-93FF-501EE567C629}.Release|Any CPU.Build.0 = Release|Any CPU
		{A01C6FBA-9542-4F56-BA46-6545CF348A95}.Debug|Any CPU.ActiveCfg = Debug|Any CPU
		{A01C6FBA-9542-4F56-BA46-6545CF348A95}.Debug|Any CPU.Build.0 = Debug|Any CPU
		{A01C6FBA-9542-4F56-BA46-6545CF348A95}.Release|Any CPU.ActiveCfg = Release|Any CPU
		{A01C6FBA-9542-4F56-BA46-6545CF348A95}.Release|Any CPU.Build.0 = Release|Any CPU
		{C4EC8C6D-70EC-447F-9176-AC175630B907}.Debug|Any CPU.ActiveCfg = Debug|Any CPU
		{C4EC8C6D-70EC-447F-9176-AC175630B907}.Debug|Any CPU.Build.0 = Debug|Any CPU
		{C4EC8C6D-70EC-447F-9176-AC175630B907}.Release|Any CPU.ActiveCfg = Release|Any CPU
		{C4EC8C6D-70EC-447F-9176-AC175630B907}.Release|Any CPU.Build.0 = Release|Any CPU
		{9C22E8E4-6E9A-468C-92B2-60D73996ED0B}.Debug|Any CPU.ActiveCfg = Debug|Any CPU
		{9C22E8E4-6E9A-468C-92B2-60D73996ED0B}.Debug|Any CPU.Build.0 = Debug|Any CPU
		{9C22E8E4-6E9A-468C-92B2-60D73996ED0B}.Release|Any CPU.ActiveCfg = Release|Any CPU
		{9C22E8E4-6E9A-468C-92B2-60D73996ED0B}.Release|Any CPU.Build.0 = Release|Any CPU
		{C810B679-AE63-44FD-941E-8CADCDDA4FA2}.Debug|Any CPU.ActiveCfg = Debug|Any CPU
		{C810B679-AE63-44FD-941E-8CADCDDA4FA2}.Debug|Any CPU.Build.0 = Debug|Any CPU
		{C810B679-AE63-44FD-941E-8CADCDDA4FA2}.Release|Any CPU.ActiveCfg = Release|Any CPU
		{C810B679-AE63-44FD-941E-8CADCDDA4FA2}.Release|Any CPU.Build.0 = Release|Any CPU
		{E1DAFF2E-CB89-473A-9D6A-9C06C6643372}.Debug|Any CPU.ActiveCfg = Debug|Any CPU
		{E1DAFF2E-CB89-473A-9D6A-9C06C6643372}.Debug|Any CPU.Build.0 = Debug|Any CPU
		{E1DAFF2E-CB89-473A-9D6A-9C06C6643372}.Release|Any CPU.ActiveCfg = Release|Any CPU
		{E1DAFF2E-CB89-473A-9D6A-9C06C6643372}.Release|Any CPU.Build.0 = Release|Any CPU
		{16FB57F5-8936-4790-BBDE-A9693DBF9141}.Debug|Any CPU.ActiveCfg = Debug|Any CPU
		{16FB57F5-8936-4790-BBDE-A9693DBF9141}.Debug|Any CPU.Build.0 = Debug|Any CPU
		{16FB57F5-8936-4790-BBDE-A9693DBF9141}.Release|Any CPU.ActiveCfg = Release|Any CPU
		{16FB57F5-8936-4790-BBDE-A9693DBF9141}.Release|Any CPU.Build.0 = Release|Any CPU
		{C2BC445E-5B32-422E-B1B4-5EDF78D992A7}.Debug|Any CPU.ActiveCfg = Debug|Any CPU
		{C2BC445E-5B32-422E-B1B4-5EDF78D992A7}.Debug|Any CPU.Build.0 = Debug|Any CPU
		{C2BC445E-5B32-422E-B1B4-5EDF78D992A7}.Release|Any CPU.ActiveCfg = Release|Any CPU
		{C2BC445E-5B32-422E-B1B4-5EDF78D992A7}.Release|Any CPU.Build.0 = Release|Any CPU
	EndGlobalSection
	GlobalSection(SolutionProperties) = preSolution
		HideSolutionNode = FALSE
	EndGlobalSection
	GlobalSection(NestedProjects) = preSolution
		{56F2CF87-0408-4DAE-BF50-AC05D44B5045} = {5BE72074-4B9F-43DA-AB56-C6CF7BD385C1}
		{AD718F5F-D5D4-4704-93FF-501EE567C629} = {5BE72074-4B9F-43DA-AB56-C6CF7BD385C1}
		{A01C6FBA-9542-4F56-BA46-6545CF348A95} = {5BE72074-4B9F-43DA-AB56-C6CF7BD385C1}
		{C4EC8C6D-70EC-447F-9176-AC175630B907} = {5BE72074-4B9F-43DA-AB56-C6CF7BD385C1}
		{9C22E8E4-6E9A-468C-92B2-60D73996ED0B} = {5BE72074-4B9F-43DA-AB56-C6CF7BD385C1}
		{C810B679-AE63-44FD-941E-8CADCDDA4FA2} = {5BE72074-4B9F-43DA-AB56-C6CF7BD385C1}
		{E1DAFF2E-CB89-473A-9D6A-9C06C6643372} = {5BE72074-4B9F-43DA-AB56-C6CF7BD385C1}
		{16FB57F5-8936-4790-BBDE-A9693DBF9141} = {5BE72074-4B9F-43DA-AB56-C6CF7BD385C1}
		{C2BC445E-5B32-422E-B1B4-5EDF78D992A7} = {5BE72074-4B9F-43DA-AB56-C6CF7BD385C1}
	EndGlobalSection
	GlobalSection(ExtensibilityGlobals) = postSolution
		SolutionGuid = {78766C40-55A5-4F8C-87ED-4EFFCD20377E}
	EndGlobalSection
EndGlobal
